<?xml version="1.0" encoding="utf-8"?>
<Project ToolsVersion="4.0" xmlns="http://schemas.microsoft.com/developer/msbuild/2003">
  <ItemGroup>
    <ClCompile Include="minhook\src\HDE\hde32.c">
      <Filter>Minihook</Filter>
    </ClCompile>
    <ClCompile Include="minhook\src\HDE\hde64.c">
      <Filter>Minihook</Filter>
    </ClCompile>
    <ClCompile Include="minhook\src\hook.c">
      <Filter>Minihook</Filter>
    </ClCompile>
    <ClCompile Include="minhook\src\trampoline.c">
      <Filter>Minihook</Filter>
    </ClCompile>
    <ClCompile Include="minhook\src\buffer.c">
      <Filter>Minihook</Filter>
    </ClCompile>
    <ClCompile Include="Fotice_DLL.cpp">
      <Filter>Fotice_DLL</Filter>
    </ClCompile>
  </ItemGroup>
  <ItemGroup>
    <ClInclude Include="minhook\src\HDE\hde32.h">
      <Filter>Minihook</Filter>
    </ClInclude>
    <ClInclude Include="minhook\src\HDE\hde64.h">
      <Filter>Minihook</Filter>
    </ClInclude>
    <ClInclude Include="minhook\include\MinHook.h">
      <Filter>Minihook</Filter>
    </ClInclude>
    <ClInclude Include="minhook\src\HDE\pstdint.h">
      <Filter>Minihook</Filter>
    </ClInclude>
    <ClInclude Include="minhook\src\HDE\table32.h">
      <Filter>Minihook</Filter>
    </ClInclude>
    <ClInclude Include="minhook\src\HDE\table64.h">
      <Filter>Minihook</Filter>
    </ClInclude>
    <ClInclude Include="minhook\src\trampoline.h">
      <Filter>Minihook</Filter>
    </ClInclude>
    <ClInclude Include="minhook\src\buffer.h">
      <Filter>Minihook</Filter>
    </ClInclude>
  </ItemGroup>
  <ItemGroup>
    <Filter Include="Minihook">
      <UniqueIdentifier>{a86f00bd-ca83-4171-8502-7880fb7858d0}</UniqueIdentifier>
    </Filter>
    <Filter Include="Fotice_DLL">
      <UniqueIdentifier>{e49f945d-a08b-4531-9183-615822a1cfa5}</UniqueIdentifier>
    </Filter>
  </ItemGroup>
  <ItemGroup>
    <None Include="Fotice_DLL.def">
      <Filter>Fotice_DLL</Filter>
    </None>
  </ItemGroup>
  <ItemGroup>
    <ResourceCompile Include="Fotice_DLL.rc">
      <Filter>Fotice_DLL</Filter>
    </ResourceCompile>
  </ItemGroup>
</Project>